
Microsoft Visual Studio Solution File, Format Version 12.00
# Visual Studio Version 16
VisualStudioVersion = 16.0.29613.14
MinimumVisualStudioVersion = 10.0.40219.1
Project("{FAE04EC0-301F-11D3-BF4B-00C04F79EFBC}") = "WordCount", "WordCount.csproj", "{FB0903A9-598E-445B-8D1B-82EACD7D9BB0}"
EndProject
Global
	GlobalSection(SolutionConfigurationPlatforms) = preSolution
		Debug|Any CPU = Debug|Any CPU
		Release|Any CPU = Release|Any CPU
	EndGlobalSection
	GlobalSection(ProjectConfigurationPlatforms) = postSolution
		{FB0903A9-598E-445B-8D1B-82EACD7D9BB0}.Debug|Any CPU.ActiveCfg = Debug|Any CPU
		{FB0903A9-598E-445B-8D1B-82EACD7D9BB0}.Debug|Any CPU.Build.0 = Debug|Any CPU
		{FB0903A9-598E-445B-8D1B-82EACD7D9BB0}.Release|Any CPU.ActiveCfg = Release|Any CPU
		{FB0903A9-598E-445B-8D1B-82EACD7D9BB0}.Release|Any CPU.Build.0 = Release|Any CPU
	EndGlobalSection
	GlobalSection(SolutionProperties) = preSolution
		HideSolutionNode = FALSE
	EndGlobalSection
	GlobalSection(ExtensibilityGlobals) = postSolution
		SolutionGuid = {A5DDB9AF-914B-4F9B-86BE-1C3AB0EF6BD4}
	EndGlobalSection
EndGlobal
